
Microsoft Visual Studio Solution File, Format Version 12.00
# Visual Studio 15
VisualStudioVersion = 15.0.26730.16
MinimumVisualStudioVersion = 10.0.40219.1
Project("{FAE04EC0-301F-11D3-BF4B-00C04F79EFBC}") = "Mandatory_Advising_v0_1", "Mandatory_Advising_v0_1\Mandatory_Advising_v0_1.csproj", "{94AE0D1E-DC60-40CB-A7B7-974D9F556A96}"
EndProject
Global
	GlobalSection(SolutionConfigurationPlatforms) = preSolution
		Debug|Any CPU = Debug|Any CPU
		Release|Any CPU = Release|Any CPU
	EndGlobalSection
	GlobalSection(ProjectConfigurationPlatforms) = postSolution
		{94AE0D1E-DC60-40CB-A7B7-974D9F556A96}.Debug|Any CPU.ActiveCfg = Debug|Any CPU
		{94AE0D1E-DC60-40CB-A7B7-974D9F556A96}.Debug|Any CPU.Build.0 = Debug|Any CPU
		{94AE0D1E-DC60-40CB-A7B7-974D9F556A96}.Release|Any CPU.ActiveCfg = Release|Any CPU
		{94AE0D1E-DC60-40CB-A7B7-974D9F556A96}.Release|Any CPU.Build.0 = Release|Any CPU
	EndGlobalSection
	GlobalSection(SolutionProperties) = preSolution
		HideSolutionNode = FALSE
	EndGlobalSection
	GlobalSection(ExtensibilityGlobals) = postSolution
		SolutionGuid = {8B6A2C14-CE52-43E7-A2E4-B8D1229DCA05}
	EndGlobalSection
EndGlobal
